// !$*UTF8*$!
{
	archiveVersion = 1;
	classes = {
	};
	objectVersion = 52;
	objects = {

/* Begin PBXBuildFile section */
		93939B61255D36B200AB83F5 /* PostersModel.swift in Sources */ = {isa = PBXBuildFile; fileRef = 93939B60255D36B200AB83F5 /* PostersModel.swift */; };
		93939B64255D395B00AB83F5 /* PostersManager.swift in Sources */ = {isa = PBXBuildFile; fileRef = 93939B63255D395B00AB83F5 /* PostersManager.swift */; };
		93939B6C255D4A2C00AB83F5 /* PostersData.swift in Sources */ = {isa = PBXBuildFile; fileRef = 93939B6B255D4A2C00AB83F5 /* PostersData.swift */; };
		93939B71255D518F00AB83F5 /* Kingfisher in Frameworks */ = {isa = PBXBuildFile; productRef = 93939B70255D518F00AB83F5 /* Kingfisher */; };
		93DE7024255C9230000FDF71 /* AppDelegate.swift in Sources */ = {isa = PBXBuildFile; fileRef = 93DE7023255C9230000FDF71 /* AppDelegate.swift */; };
		93DE7026255C9230000FDF71 /* SceneDelegate.swift in Sources */ = {isa = PBXBuildFile; fileRef = 93DE7025255C9230000FDF71 /* SceneDelegate.swift */; };
		93DE7028255C9230000FDF71 /* ViewController.swift in Sources */ = {isa = PBXBuildFile; fileRef = 93DE7027255C9230000FDF71 /* ViewController.swift */; };
		93DE702B255C9230000FDF71 /* Main.storyboard in Resources */ = {isa = PBXBuildFile; fileRef = 93DE7029255C9230000FDF71 /* Main.storyboard */; };
		93DE702E255C9230000FDF71 /* Movie_Posters_App.xcdatamodeld in Sources */ = {isa = PBXBuildFile; fileRef = 93DE702C255C9230000FDF71 /* Movie_Posters_App.xcdatamodeld */; };
		93DE7030255C9234000FDF71 /* Assets.xcassets in Resources */ = {isa = PBXBuildFile; fileRef = 93DE702F255C9234000FDF71 /* Assets.xcassets */; };
		93DE7033255C9234000FDF71 /* LaunchScreen.storyboard in Resources */ = {isa = PBXBuildFile; fileRef = 93DE7031255C9234000FDF71 /* LaunchScreen.storyboard */; };
		93DE7040255C92AE000FDF71 /* PostersViewController.swift in Sources */ = {isa = PBXBuildFile; fileRef = 93DE703F255C92AE000FDF71 /* PostersViewController.swift */; };
/* End PBXBuildFile section */

/* Begin PBXFileReference section */
		93939B60255D36B200AB83F5 /* PostersModel.swift */ = {isa = PBXFileReference; lastKnownFileType = sourcecode.swift; path = PostersModel.swift; sourceTree = "<group>"; };
		93939B63255D395B00AB83F5 /* PostersManager.swift */ = {isa = PBXFileReference; lastKnownFileType = sourcecode.swift; path = PostersManager.swift; sourceTree = "<group>"; };
		93939B6B255D4A2C00AB83F5 /* PostersData.swift */ = {isa = PBXFileReference; lastKnownFileType = sourcecode.swift; path = PostersData.swift; sourceTree = "<group>"; };
		93DE7020255C9230000FDF71 /* Movie Posters App.app */ = {isa = PBXFileReference; explicitFileType = wrapper.application; includeInIndex = 0; path = "Movie Posters App.app"; sourceTree = BUILT_PRODUCTS_DIR; };
		93DE7023255C9230000FDF71 /* AppDelegate.swift */ = {isa = PBXFileReference; lastKnownFileType = sourcecode.swift; path = AppDelegate.swift; sourceTree = "<group>"; };
		93DE7025255C9230000FDF71 /* SceneDelegate.swift */ = {isa = PBXFileReference; lastKnownFileType = sourcecode.swift; path = SceneDelegate.swift; sourceTree = "<group>"; };
		93DE7027255C9230000FDF71 /* ViewController.swift */ = {isa = PBXFileReference; lastKnownFileType = sourcecode.swift; path = ViewController.swift; sourceTree = "<group>"; };
		93DE702A255C9230000FDF71 /* Base */ = {isa = PBXFileReference; lastKnownFileType = file.storyboard; name = Base; path = Base.lproj/Main.storyboard; sourceTree = "<group>"; };
		93DE702D255C9230000FDF71 /* Movie_Posters_App.xcdatamodel */ = {isa = PBXFileReference; lastKnownFileType = wrapper.xcdatamodel; path = Movie_Posters_App.xcdatamodel; sourceTree = "<group>"; };
		93DE702F255C9234000FDF71 /* Assets.xcassets */ = {isa = PBXFileReference; lastKnownFileType = folder.assetcatalog; path = Assets.xcassets; sourceTree = "<group>"; };
		93DE7032255C9234000FDF71 /* Base */ = {isa = PBXFileReference; lastKnownFileType = file.storyboard; name = Base; path = Base.lproj/LaunchScreen.storyboard; sourceTree = "<group>"; };
		93DE7034255C9234000FDF71 /* Info.plist */ = {isa = PBXFileReference; lastKnownFileType = text.plist.xml; path = Info.plist; sourceTree = "<group>"; };
		93DE703F255C92AE000FDF71 /* PostersViewController.swift */ = {isa = PBXFileReference; lastKnownFileType = sourcecode.swift; path = PostersViewController.swift; sourceTree = "<group>"; };
/* End PBXFileReference section */

/* Begin PBXFrameworksBuildPhase section */
		93DE701D255C9230000FDF71 /* Frameworks */ = {
			isa = PBXFrameworksBuildPhase;
			buildActionMask = 2147483647;
			files = (
				93939B71255D518F00AB83F5 /* Kingfisher in Frameworks */,
			);
			runOnlyForDeploymentPostprocessing = 0;
		};
/* End PBXFrameworksBuildPhase section */

/* Begin PBXGroup section */
		93DE7017255C9230000FDF71 = {
			isa = PBXGroup;
			children = (
				93DE7022255C9230000FDF71 /* Movie Posters App */,
				93DE7021255C9230000FDF71 /* Products */,
			);
			sourceTree = "<group>";
		};
		93DE7021255C9230000FDF71 /* Products */ = {
			isa = PBXGroup;
			children = (
				93DE7020255C9230000FDF71 /* Movie Posters App.app */,
			);
			name = Products;
			sourceTree = "<group>";
		};
		93DE7022255C9230000FDF71 /* Movie Posters App */ = {
			isa = PBXGroup;
			children = (
				93DE7023255C9230000FDF71 /* AppDelegate.swift */,
				93DE7025255C9230000FDF71 /* SceneDelegate.swift */,
				93DE703E255C9270000FDF71 /* Model */,
				93DE703B255C9259000FDF71 /* View */,
				93DE703C255C9269000FDF71 /* Controller */,
				93DE702F255C9234000FDF71 /* Assets.xcassets */,
				93DE7031255C9234000FDF71 /* LaunchScreen.storyboard */,
				93DE7034255C9234000FDF71 /* Info.plist */,
				93DE702C255C9230000FDF71 /* Movie_Posters_App.xcdatamodeld */,
			);
			path = "Movie Posters App";
			sourceTree = "<group>";
		};
		93DE703B255C9259000FDF71 /* View */ = {
			isa = PBXGroup;
			children = (
				93DE7029255C9230000FDF71 /* Main.storyboard */,
			);
			path = View;
			sourceTree = "<group>";
		};
		93DE703C255C9269000FDF71 /* Controller */ = {
			isa = PBXGroup;
			children = (
				93DE703F255C92AE000FDF71 /* PostersViewController.swift */,
				93DE7027255C9230000FDF71 /* ViewController.swift */,
			);
			path = Controller;
			sourceTree = "<group>";
		};
		93DE703E255C9270000FDF71 /* Model */ = {
			isa = PBXGroup;
			children = (
				93939B63255D395B00AB83F5 /* PostersManager.swift */,
				93939B6B255D4A2C00AB83F5 /* PostersData.swift */,
				93939B60255D36B200AB83F5 /* PostersModel.swift */,
			);
			path = Model;
			sourceTree = "<group>";
		};
/* End PBXGroup section */

/* Begin PBXNativeTarget section */
		93DE701F255C9230000FDF71 /* Movie Posters App */ = {
			isa = PBXNativeTarget;
			buildConfigurationList = 93DE7037255C9234000FDF71 /* Build configuration list for PBXNativeTarget "Movie Posters App" */;
			buildPhases = (
				93DE701C255C9230000FDF71 /* Sources */,
				93DE701D255C9230000FDF71 /* Frameworks */,
				93DE701E255C9230000FDF71 /* Resources */,
			);
			buildRules = (
			);
			dependencies = (
			);
			name = "Movie Posters App";
			packageProductDependencies = (
				93939B70255D518F00AB83F5 /* Kingfisher */,
			);
			productName = "Movie Posters App";
			productReference = 93DE7020255C9230000FDF71 /* Movie Posters App.app */;
			productType = "com.apple.product-type.application";
		};
/* End PBXNativeTarget section */

/* Begin PBXProject section */
		93DE7018255C9230000FDF71 /* Project object */ = {
			isa = PBXProject;
			attributes = {
				LastSwiftUpdateCheck = 1210;
				LastUpgradeCheck = 1210;
				TargetAttributes = {
					93DE701F255C9230000FDF71 = {
						CreatedOnToolsVersion = 12.1;
					};
				};
			};
			buildConfigurationList = 93DE701B255C9230000FDF71 /* Build configuration list for PBXProject "Movie Posters App" */;
			compatibilityVersion = "Xcode 9.3";
			developmentRegion = en;
			hasScannedForEncodings = 0;
			knownRegions = (
				en,
				Base,
			);
			mainGroup = 93DE7017255C9230000FDF71;
			packageReferences = (
				93939B6F255D518F00AB83F5 /* XCRemoteSwiftPackageReference "Kingfisher" */,
			);
			productRefGroup = 93DE7021255C9230000FDF71 /* Products */;
			projectDirPath = "";
			projectRoot = "";
			targets = (
				93DE701F255C9230000FDF71 /* Movie Posters App */,
			);
		};
/* End PBXProject section */

/* Begin PBXResourcesBuildPhase section */
		93DE701E255C9230000FDF71 /* Resources */ = {
			isa = PBXResourcesBuildPhase;
			buildActionMask = 2147483647;
			files = (
				93DE7033255C9234000FDF71 /* LaunchScreen.storyboard in Resources */,
				93DE7030255C9234000FDF71 /* Assets.xcassets in Resources */,
				93DE702B255C9230000FDF71 /* Main.storyboard in Resources */,
			);
			runOnlyForDeploymentPostprocessing = 0;
		};
/* End PBXResourcesBuildPhase section */

/* Begin PBXSourcesBuildPhase section */
		93DE701C255C9230000FDF71 /* Sources */ = {
			isa = PBXSourcesBuildPhase;
			buildActionMask = 2147483647;
			files = (
				93939B61255D36B200AB83F5 /* PostersModel.swift in Sources */,
				93DE7040255C92AE000FDF71 /* PostersViewController.swift in Sources */,
				93DE7028255C9230000FDF71 /* ViewController.swift in Sources */,
				93DE702E255C9230000FDF71 /* Movie_Posters_App.xcdatamodeld in Sources */,
				93939B64255D395B00AB83F5 /* PostersManager.swift in Sources */,
				93DE7024255C9230000FDF71 /* AppDelegate.swift in Sources */,
				93939B6C255D4A2C00AB83F5 /* PostersData.swift in Sources */,
				93DE7026255C9230000FDF71 /* SceneDelegate.swift in Sources */,
			);
			runOnlyForDeploymentPostprocessing = 0;
		};
/* End PBXSourcesBuildPhase section */

/* Begin PBXVariantGroup section */
		93DE7029255C9230000FDF71 /* Main.storyboard */ = {
			isa = PBXVariantGroup;
			children = (
				93DE702A255C9230000FDF71 /* Base */,
			);
			name = Main.storyboard;
			sourceTree = "<group>";
		};
		93DE7031255C9234000FDF71 /* LaunchScreen.storyboard */ = {
			isa = PBXVariantGroup;
			children = (
				93DE7032255C9234000FDF71 /* Base */,
			);
			name = LaunchScreen.storyboard;
			sourceTree = "<group>";
		};
/* End PBXVariantGroup section */

/* Begin XCBuildConfiguration section */
		93DE7035255C9234000FDF71 /* Debug */ = {
			isa = XCBuildConfiguration;
			buildSettings = {
				ALWAYS_SEARCH_USER_PATHS = NO;
				CLANG_ANALYZER_NONNULL = YES;
				CLANG_ANALYZER_NUMBER_OBJECT_CONVERSION = YES_AGGRESSIVE;
				CLANG_CXX_LANGUAGE_STANDARD = "gnu++14";
				CLANG_CXX_LIBRARY = "libc++";
				CLANG_ENABLE_MODULES = YES;
				CLANG_ENABLE_OBJC_ARC = YES;
				CLANG_ENABLE_OBJC_WEAK = YES;
				CLANG_WARN_BLOCK_CAPTURE_AUTORELEASING = YES;
				CLANG_WARN_BOOL_CONVERSION = YES;
				CLANG_WARN_COMMA = YES;
				CLANG_WARN_CONSTANT_CONVERSION = YES;
				CLANG_WARN_DEPRECATED_OBJC_IMPLEMENTATIONS = YES;
				CLANG_WARN_DIRECT_OBJC_ISA_USAGE = YES_ERROR;
				CLANG_WARN_DOCUMENTATION_COMMENTS = YES;
				CLANG_WARN_EMPTY_BODY = YES;
				CLANG_WARN_ENUM_CONVERSION = YES;
				CLANG_WARN_INFINITE_RECURSION = YES;
				CLANG_WARN_INT_CONVERSION = YES;
				CLANG_WARN_NON_LITERAL_NULL_CONVERSION = YES;
				CLANG_WARN_OBJC_IMPLICIT_RETAIN_SELF = YES;
				CLANG_WARN_OBJC_LITERAL_CONVERSION = YES;
				CLANG_WARN_OBJC_ROOT_CLASS = YES_ERROR;
				CLANG_WARN_QUOTED_INCLUDE_IN_FRAMEWORK_HEADER = YES;
				CLANG_WARN_RANGE_LOOP_ANALYSIS = YES;
				CLANG_WARN_STRICT_PROTOTYPES = YES;
				CLANG_WARN_SUSPICIOUS_MOVE = YES;
				CLANG_WARN_UNGUARDED_AVAILABILITY = YES_AGGRESSIVE;
				CLANG_WARN_UNREACHABLE_CODE = YES;
				CLANG_WARN__DUPLICATE_METHOD_MATCH = YES;
				COPY_PHASE_STRIP = NO;
				DEBUG_INFORMATION_FORMAT = dwarf;
				ENABLE_STRICT_OBJC_MSGSEND = YES;
				ENABLE_TESTABILITY = YES;
				GCC_C_LANGUAGE_STANDARD = gnu11;
				GCC_DYNAMIC_NO_PIC = NO;
				GCC_NO_COMMON_BLOCKS = YES;
				GCC_OPTIMIZATION_LEVEL = 0;
				GCC_PREPROCESSOR_DEFINITIONS = (
					"DEBUG=1",
					"$(inherited)",
				);
				GCC_WARN_64_TO_32_BIT_CONVERSION = YES;
				GCC_WARN_ABOUT_RETURN_TYPE = YES_ERROR;
				GCC_WARN_UNDECLARED_SELECTOR = YES;
				GCC_WARN_UNINITIALIZED_AUTOS = YES_AGGRESSIVE;
				GCC_WARN_UNUSED_FUNCTION = YES;
				GCC_WARN_UNUSED_VARIABLE = YES;
				IPHONEOS_DEPLOYMENT_TARGET = 14.1;
				MTL_ENABLE_DEBUG_INFO = INCLUDE_SOURCE;
				MTL_FAST_MATH = YES;
				ONLY_ACTIVE_ARCH = YES;
				SDKROOT = iphoneos;
				SWIFT_ACTIVE_COMPILATION_CONDITIONS = DEBUG;
				SWIFT_OPTIMIZATION_LEVEL = "-Onone";
			};
			name = Debug;
		};
		93DE7036255C9234000FDF71 /* Release */ = {
			isa = XCBuildConfiguration;
			buildSettings = {
				ALWAYS_SEARCH_USER_PATHS = NO;
				CLANG_ANALYZER_NONNULL = YES;
				CLANG_ANALYZER_NUMBER_OBJECT_CONVERSION = YES_AGGRESSIVE;
				CLANG_CXX_LANGUAGE_STANDARD = "gnu++14";
				CLANG_CXX_LIBRARY = "libc++";
				CLANG_ENABLE_MODULES = YES;
				CLANG_ENABLE_OBJC_ARC = YES;
				CLANG_ENABLE_OBJC_WEAK = YES;
				CLANG_WARN_BLOCK_CAPTURE_AUTORELEASING = YES;
				CLANG_WARN_BOOL_CONVERSION = YES;
				CLANG_WARN_COMMA = YES;
				CLANG_WARN_CONSTANT_CONVERSION = YES;
				CLANG_WARN_DEPRECATED_OBJC_IMPLEMENTATIONS = YES;
				CLANG_WARN_DIRECT_OBJC_ISA_USAGE = YES_ERROR;
				CLANG_WARN_DOCUMENTATION_COMMENTS = YES;
				CLANG_WARN_EMPTY_BODY = YES;
				CLANG_WARN_ENUM_CONVERSION = YES;
				CLANG_WARN_INFINITE_RECURSION = YES;
				CLANG_WARN_INT_CONVERSION = YES;
				CLANG_WARN_NON_LITERAL_NULL_CONVERSION = YES;
				CLANG_WARN_OBJC_IMPLICIT_RETAIN_SELF = YES;
				CLANG_WARN_OBJC_LITERAL_CONVERSION = YES;
				CLANG_WARN_OBJC_ROOT_CLASS = YES_ERROR;
				CLANG_WARN_QUOTED_INCLUDE_IN_FRAMEWORK_HEADER = YES;
				CLANG_WARN_RANGE_LOOP_ANALYSIS = YES;
				CLANG_WARN_STRICT_PROTOTYPES = YES;
				CLANG_WARN_SUSPICIOUS_MOVE = YES;
				CLANG_WARN_UNGUARDED_AVAILABILITY = YES_AGGRESSIVE;
				CLANG_WARN_UNREACHABLE_CODE = YES;
				CLANG_WARN__DUPLICATE_METHOD_MATCH = YES;
				COPY_PHASE_STRIP = NO;
				DEBUG_INFORMATION_FORMAT = "dwarf-with-dsym";
				ENABLE_NS_ASSERTIONS = NO;
				ENABLE_STRICT_OBJC_MSGSEND = YES;
				GCC_C_LANGUAGE_STANDARD = gnu11;
				GCC_NO_COMMON_BLOCKS = YES;
				GCC_WARN_64_TO_32_BIT_CONVERSION = YES;
				GCC_WARN_ABOUT_RETURN_TYPE = YES_ERROR;
				GCC_WARN_UNDECLARED_SELECTOR = YES;
				GCC_WARN_UNINITIALIZED_AUTOS = YES_AGGRESSIVE;
				GCC_WARN_UNUSED_FUNCTION = YES;
				GCC_WARN_UNUSED_VARIABLE = YES;
				IPHONEOS_DEPLOYMENT_TARGET = 14.1;
				MTL_ENABLE_DEBUG_INFO = NO;
				MTL_FAST_MATH = YES;
				SDKROOT = iphoneos;
				SWIFT_COMPILATION_MODE = wholemodule;
				SWIFT_OPTIMIZATION_LEVEL = "-O";
				VALIDATE_PRODUCT = YES;
			};
			name = Release;
		};
		93DE7038255C9234000FDF71 /* Debug */ = {
			isa = XCBuildConfiguration;
			buildSettings = {
				ASSETCATALOG_COMPILER_APPICON_NAME = AppIcon;
				ASSETCATALOG_COMPILER_GLOBAL_ACCENT_COLOR_NAME = AccentColor;
				CODE_SIGN_STYLE = Automatic;
				DEVELOPMENT_TEAM = 8RH4482R36;
				INFOPLIST_FILE = "Movie Posters App/Info.plist";
				LD_RUNPATH_SEARCH_PATHS = (
					"$(inherited)",
					"@executable_path/Frameworks",
				);
				PRODUCT_BUNDLE_IDENTIFIER = "KA.Movie-Posters-App";
				PRODUCT_NAME = "$(TARGET_NAME)";
				SWIFT_VERSION = 5.0;
				TARGETED_DEVICE_FAMILY = "1,2";
			};
			name = Debug;
		};
		93DE7039255C9234000FDF71 /* Release */ = {
			isa = XCBuildConfiguration;
			buildSettings = {
				ASSETCATALOG_COMPILER_APPICON_NAME = AppIcon;
				ASSETCATALOG_COMPILER_GLOBAL_ACCENT_COLOR_NAME = AccentColor;
				CODE_SIGN_STYLE = Automatic;
				DEVELOPMENT_TEAM = 8RH4482R36;
				INFOPLIST_FILE = "Movie Posters App/Info.plist";
				LD_RUNPATH_SEARCH_PATHS = (
					"$(inherited)",
					"@executable_path/Frameworks",
				);
				PRODUCT_BUNDLE_IDENTIFIER = "KA.Movie-Posters-App";
				PRODUCT_NAME = "$(TARGET_NAME)";
				SWIFT_VERSION = 5.0;
				TARGETED_DEVICE_FAMILY = "1,2";
			};
			name = Release;
		};
/* End XCBuildConfiguration section */

/* Begin XCConfigurationList section */
		93DE701B255C9230000FDF71 /* Build configuration list for PBXProject "Movie Posters App" */ = {
			isa = XCConfigurationList;
			buildConfigurations = (
				93DE7035255C9234000FDF71 /* Debug */,
				93DE7036255C9234000FDF71 /* Release */,
			);
			defaultConfigurationIsVisible = 0;
			defaultConfigurationName = Release;
		};
		93DE7037255C9234000FDF71 /* Build configuration list for PBXNativeTarget "Movie Posters App" */ = {
			isa = XCConfigurationList;
			buildConfigurations = (
				93DE7038255C9234000FDF71 /* Debug */,
				93DE7039255C9234000FDF71 /* Release */,
			);
			defaultConfigurationIsVisible = 0;
			defaultConfigurationName = Release;
		};
/* End XCConfigurationList section */

/* Begin XCRemoteSwiftPackageReference section */
		93939B6F255D518F00AB83F5 /* XCRemoteSwiftPackageReference "Kingfisher" */ = {
			isa = XCRemoteSwiftPackageReference;
			repositoryURL = "https://github.com/onevcat/Kingfisher.git";
			requirement = {
				kind = upToNextMajorVersion;
				minimumVersion = 5.15.7;
			};
		};
/* End XCRemoteSwiftPackageReference section */

/* Begin XCSwiftPackageProductDependency section */
		93939B70255D518F00AB83F5 /* Kingfisher */ = {
			isa = XCSwiftPackageProductDependency;
			package = 93939B6F255D518F00AB83F5 /* XCRemoteSwiftPackageReference "Kingfisher" */;
			productName = Kingfisher;
		};
/* End XCSwiftPackageProductDependency section */

/* Begin XCVersionGroup section */
		93DE702C255C9230000FDF71 /* Movie_Posters_App.xcdatamodeld */ = {
			isa = XCVersionGroup;
			children = (
				93DE702D255C9230000FDF71 /* Movie_Posters_App.xcdatamodel */,
			);
			currentVersion = 93DE702D255C9230000FDF71 /* Movie_Posters_App.xcdatamodel */;
			path = Movie_Posters_App.xcdatamodeld;
			sourceTree = "<group>";
			versionGroupType = wrapper.xcdatamodel;
		};
/* End XCVersionGroup section */
	};
	rootObject = 93DE7018255C9230000FDF71 /* Project object */;
}
